Microsoft Visual Studio Solution File, Format Version 12.00
# Visual Studio Version 17
VisualStudioVersion = 17.5.2.0
MinimumVisualStudioVersion = 10.0.40219.1
Project("{FAE04EC0-301F-11D3-BF4B-00C04F79EFBC}") = "ParseBinaryJsonData", "ParseBinaryJsonData.csproj", "{17A5074B-297E-BDE5-43E9-F60FFEC9C489}"
EndProject
Global
	GlobalSection(SolutionConfigurationPlatforms) = preSolution
		Debug|Any CPU = Debug|Any CPU
		Release|Any CPU = Release|Any CPU
	EndGlobalSection
	GlobalSection(ProjectConfigurationPlatforms) = postSolution
		{17A5074B-297E-BDE5-43E9-F60FFEC9C489}.Debug|Any CPU.ActiveCfg = Debug|Any CPU
		{17A5074B-297E-BDE5-43E9-F60FFEC9C489}.Debug|Any CPU.Build.0 = Debug|Any CPU
		{17A5074B-297E-BDE5-43E9-F60FFEC9C489}.Release|Any CPU.ActiveCfg = Release|Any CPU
		{17A5074B-297E-BDE5-43E9-F60FFEC9C489}.Release|Any CPU.Build.0 = Release|Any CPU
	EndGlobalSection
	GlobalSection(SolutionProperties) = preSolution
		HideSolutionNode = FALSE
	EndGlobalSection
	GlobalSection(ExtensibilityGlobals) = postSolution
		SolutionGuid = {092B0B42-9C8E-41E8-9E97-8E5B6449F2D3}
	EndGlobalSection
EndGlobal
